
Microsoft Visual Studio Solution File, Format Version 12.00
# Visual Studio Version 17
VisualStudioVersion = 17.0.32126.317
MinimumVisualStudioVersion = 10.0.40219.1
Project("{FAE04EC0-301F-11D3-BF4B-00C04F79EFBC}") = "ORMC", "ORMC\ORMC.csproj", "{8F14F8CC-A734-4205-BEE0-AB4696EE1773}"
EndProject
Global
	GlobalSection(SolutionConfigurationPlatforms) = preSolution
		Debug|Any CPU = Debug|Any CPU
		Release|Any CPU = Release|Any CPU
	EndGlobalSection
	GlobalSection(ProjectConfigurationPlatforms) = postSolution
		{8F14F8CC-A734-4205-BEE0-AB4696EE1773}.Debug|Any CPU.ActiveCfg = Debug|Any CPU
		{8F14F8CC-A734-4205-BEE0-AB4696EE1773}.Debug|Any CPU.Build.0 = Debug|Any CPU
		{8F14F8CC-A734-4205-BEE0-AB4696EE1773}.Release|Any CPU.ActiveCfg = Release|Any CPU
		{8F14F8CC-A734-4205-BEE0-AB4696EE1773}.Release|Any CPU.Build.0 = Release|Any CPU
	EndGlobalSection
	GlobalSection(SolutionProperties) = preSolution
		HideSolutionNode = FALSE
	EndGlobalSection
	GlobalSection(ExtensibilityGlobals) = postSolution
		SolutionGuid = {96AFF5FF-8750-4380-BA7E-694F10AF7AD1}
	EndGlobalSection
EndGlobal
